<?xml version="1.0" encoding="utf-8"?>
<Project ToolsVersion="4.0" xmlns="http://schemas.microsoft.com/developer/msbuild/2003">
  <ItemGroup>
    <Filter Include="ソース ファイル">
      <UniqueIdentifier>{4FC737F1-C7A5-4376-A066-2A32D752A2FF}</UniqueIdentifier>
      <Extensions>cpp;c;cc;cxx;c++;cppm;ixx;def;odl;idl;hpj;bat;asm;asmx</Extensions>
    </Filter>
    <Filter Include="ヘッダー ファイル">
      <UniqueIdentifier>{93995380-89BD-4b04-88EB-625FBE52EBFB}</UniqueIdentifier>
      <Extensions>h;hh;hpp;hxx;h++;hm;inl;inc;ipp;xsd</Extensions>
    </Filter>
    <Filter Include="リソース ファイル">
      <UniqueIdentifier>{67DA6AB6-F800-4c08-8B7A-83BB121AAD01}</UniqueIdentifier>
      <Extensions>rc;ico;cur;bmp;dlg;rc2;rct;bin;rgs;gif;jpg;jpeg;jpe;resx;tiff;tif;png;wav;mfcribbon-ms</Extensions>
    </Filter>
    <Filter Include="Direct3D12">
      <UniqueIdentifier>{649614e2-5234-41f7-ab8d-2402e780a834}</UniqueIdentifier>
    </Filter>
    <Filter Include="DXGI">
      <UniqueIdentifier>{40474391-7dfb-419a-8e81-a50b7e7d91ea}</UniqueIdentifier>
    </Filter>
    <Filter Include="DirectXTex">
      <UniqueIdentifier>{81ebb77c-1114-40cc-8521-463915f8ac34}</UniqueIdentifier>
    </Filter>
  </ItemGroup>
  <ItemGroup>
    <ClCompile Include="DllMain.cpp">
      <Filter>ソース ファイル</Filter>
    </ClCompile>
    <ClCompile Include="Direct3D12\Direct3D_12.cpp">
      <Filter>Direct3D12</Filter>
    </ClCompile>
    <ClCompile Include="DXGI\DirectX_GI.cpp">
      <Filter>DXGI</Filter>
    </ClCompile>
    <ClCompile Include="SunsetGraphics.cpp">
      <Filter>ソース ファイル</Filter>
    </ClCompile>
    <ClCompile Include="DXGI\SwapChain.cpp">
      <Filter>DXGI</Filter>
    </ClCompile>
    <ClCompile Include="Direct3D12\RenderTargetView.cpp">
      <Filter>Direct3D12</Filter>
    </ClCompile>
    <ClCompile Include="Direct3D12\DepthStencilView.cpp">
      <Filter>Direct3D12</Filter>
    </ClCompile>
    <ClCompile Include="Direct3D12\RenderTargets.cpp">
      <Filter>Direct3D12</Filter>
    </ClCompile>
    <ClCompile Include="FrameBuffer.cpp">
      <Filter>ソース ファイル</Filter>
    </ClCompile>
    <ClCompile Include="Direct3D12\DescriptorHeap.cpp">
      <Filter>Direct3D12</Filter>
    </ClCompile>
    <ClCompile Include="Direct3D12\Command.cpp">
      <Filter>ソース ファイル</Filter>
    </ClCompile>
    <ClCompile Include="Direct3D12\ShaderResourceView.cpp">
      <Filter>Direct3D12</Filter>
    </ClCompile>
    <ClCompile Include="Direct3D12\GraphicsPipelineState.cpp">
      <Filter>Direct3D12</Filter>
    </ClCompile>
    <ClCompile Include="Direct3D12\RootSignature.cpp">
      <Filter>Direct3D12</Filter>
    </ClCompile>
    <ClCompile Include="Direct3D12\Shader.cpp">
      <Filter>Direct3D12</Filter>
    </ClCompile>
    <ClCompile Include="Direct3D12\ShaderVariable.cpp">
      <Filter>Direct3D12</Filter>
    </ClCompile>
    <ClCompile Include="Direct3D12\VertexBuffer.cpp">
      <Filter>Direct3D12</Filter>
    </ClCompile>
    <ClCompile Include="Direct3D12\IndexBuffer.cpp">
      <Filter>Direct3D12</Filter>
    </ClCompile>
  </ItemGroup>
  <ItemGroup>
    <ClInclude Include="Direct3D12\d3dx12.h">
      <Filter>Direct3D12</Filter>
    </ClInclude>
    <ClInclude Include="Direct3D12\Direct3D_12.h">
      <Filter>Direct3D12</Filter>
    </ClInclude>
    <ClInclude Include="DXGI\DirectX_GI.h">
      <Filter>DXGI</Filter>
    </ClInclude>
    <ClInclude Include="sunset_graphics_pch.h">
      <Filter>ヘッダー ファイル</Filter>
    </ClInclude>
    <ClInclude Include="SunsetGraphics.h">
      <Filter>ヘッダー ファイル</Filter>
    </ClInclude>
    <ClInclude Include="DXGI\SwapChain.h">
      <Filter>DXGI</Filter>
    </ClInclude>
    <ClInclude Include="Direct3D12\RenderTargetView.h">
      <Filter>Direct3D12</Filter>
    </ClInclude>
    <ClInclude Include="Direct3D12\Direct3D_12_def.h">
      <Filter>Direct3D12</Filter>
    </ClInclude>
    <ClInclude Include="DXGI\DirectX_GI_def.h">
      <Filter>DXGI</Filter>
    </ClInclude>
    <ClInclude Include="Direct3D12\DepthStencilView.h">
      <Filter>Direct3D12</Filter>
    </ClInclude>
    <ClInclude Include="Direct3D12\RenderTargets.h">
      <Filter>Direct3D12</Filter>
    </ClInclude>
    <ClInclude Include="FrameBuffer.h">
      <Filter>ヘッダー ファイル</Filter>
    </ClInclude>
    <ClInclude Include="Direct3D12\DescriptorHeap.h">
      <Filter>Direct3D12</Filter>
    </ClInclude>
    <ClInclude Include="Direct3D12\Command.h">
      <Filter>ヘッダー ファイル</Filter>
    </ClInclude>
    <ClInclude Include="Direct3D12\ShaderResourceView.h">
      <Filter>Direct3D12</Filter>
    </ClInclude>
    <ClInclude Include="Vertex.h">
      <Filter>ヘッダー ファイル</Filter>
    </ClInclude>
    <ClInclude Include="Direct3D12\GraphicsPipelineState.h">
      <Filter>Direct3D12</Filter>
    </ClInclude>
    <ClInclude Include="Direct3D12\RootSignature.h">
      <Filter>Direct3D12</Filter>
    </ClInclude>
    <ClInclude Include="Direct3D12\Shader.h">
      <Filter>Direct3D12</Filter>
    </ClInclude>
    <ClInclude Include="Direct3D12\ShaderVariable.h">
      <Filter>Direct3D12</Filter>
    </ClInclude>
    <ClInclude Include="Direct3D12\VertexBuffer.h">
      <Filter>Direct3D12</Filter>
    </ClInclude>
    <ClInclude Include="Direct3D12\IndexBuffer.h">
      <Filter>Direct3D12</Filter>
    </ClInclude>
    <ClInclude Include="DirectXTex\DirectXTex\DirectXTex.h">
      <Filter>DirectXTex</Filter>
    </ClInclude>
  </ItemGroup>
</Project>